
Microsoft Visual Studio Solution File, Format Version 12.00
# Visual Studio Version 16
VisualStudioVersion = 16.0.30523.141
MinimumVisualStudioVersion = 10.0.40219.1
Project("{FAE04EC0-301F-11D3-BF4B-00C04F79EFBC}") = "RS1_seminarski", "RS1_seminarski\RS1_seminarski.csproj", "{FBA80B01-0C8D-4A96-9F70-5E7ACE092BDB}"
EndProject
Project("{FAE04EC0-301F-11D3-BF4B-00C04F79EFBC}") = "Podaci", "Podaci\Podaci.csproj", "{05C9B49D-B997-43BF-A5BD-3B788371928B}"
EndProject
Global
	GlobalSection(SolutionConfigurationPlatforms) = preSolution
		Debug|Any CPU = Debug|Any CPU
		Release|Any CPU = Release|Any CPU
	EndGlobalSection
	GlobalSection(ProjectConfigurationPlatforms) = postSolution
		{FBA80B01-0C8D-4A96-9F70-5E7ACE092BDB}.Debug|Any CPU.ActiveCfg = Debug|Any CPU
		{FBA80B01-0C8D-4A96-9F70-5E7ACE092BDB}.Debug|Any CPU.Build.0 = Debug|Any CPU
		{FBA80B01-0C8D-4A96-9F70-5E7ACE092BDB}.Release|Any CPU.ActiveCfg = Release|Any CPU
		{FBA80B01-0C8D-4A96-9F70-5E7ACE092BDB}.Release|Any CPU.Build.0 = Release|Any CPU
		{05C9B49D-B997-43BF-A5BD-3B788371928B}.Debug|Any CPU.ActiveCfg = Debug|Any CPU
		{05C9B49D-B997-43BF-A5BD-3B788371928B}.Debug|Any CPU.Build.0 = Debug|Any CPU
		{05C9B49D-B997-43BF-A5BD-3B788371928B}.Release|Any CPU.ActiveCfg = Release|Any CPU
		{05C9B49D-B997-43BF-A5BD-3B788371928B}.Release|Any CPU.Build.0 = Release|Any CPU
	EndGlobalSection
	GlobalSection(SolutionProperties) = preSolution
		HideSolutionNode = FALSE
	EndGlobalSection
	GlobalSection(ExtensibilityGlobals) = postSolution
		SolutionGuid = {C3530501-26D6-49AC-92DB-75F0E5C28C26}
	EndGlobalSection
EndGlobal
